
Microsoft Visual Studio Solution File, Format Version 12.00
# Visual Studio Version 17
VisualStudioVersion = 17.14.36327.8 d17.14
MinimumVisualStudioVersion = 10.0.40219.1
Project("{FAE04EC0-301F-11D3-BF4B-00C04F79EFBC}") = "StajOdeviIlkNet8", "StajOdeviIlkNet8\StajOdeviIlkNet8.csproj", "{13E5F9F7-0873-48D0-B98B-A6FC6973C604}"
EndProject
Global
	GlobalSection(SolutionConfigurationPlatforms) = preSolution
		Debug|Any CPU = Debug|Any CPU
		Release|Any CPU = Release|Any CPU
	EndGlobalSection
	GlobalSection(ProjectConfigurationPlatforms) = postSolution
		{13E5F9F7-0873-48D0-B98B-A6FC6973C604}.Debug|Any CPU.ActiveCfg = Debug|Any CPU
		{13E5F9F7-0873-48D0-B98B-A6FC6973C604}.Debug|Any CPU.Build.0 = Debug|Any CPU
		{13E5F9F7-0873-48D0-B98B-A6FC6973C604}.Release|Any CPU.ActiveCfg = Release|Any CPU
		{13E5F9F7-0873-48D0-B98B-A6FC6973C604}.Release|Any CPU.Build.0 = Release|Any CPU
	EndGlobalSection
	GlobalSection(SolutionProperties) = preSolution
		HideSolutionNode = FALSE
	EndGlobalSection
	GlobalSection(ExtensibilityGlobals) = postSolution
		SolutionGuid = {C7571053-6E0D-48ED-9A0D-39A2C38833C4}
	EndGlobalSection
EndGlobal
